{
  "name": "gatsby-remark-sequence",
  "version": "0.0.1",
  "lockfileVersion": 1,
  "requires": true,
  "dependencies": {
    "unist-util-is": {
      "version": "2.1.2",
      "resolved": "https://registry.npmjs.org/unist-util-is/-/unist-util-is-2.1.2.tgz",
      "integrity": "sha512-YkXBK/H9raAmG7KXck+UUpnKiNmUdB+aBGrknfQ4EreE1banuzrKABx3jP6Z5Z3fMSPMQQmeXBlKpCbMwBkxVw=="
    },
    "unist-util-visit": {
      "version": "1.4.1",
      "resolved": "https://registry.npmjs.org/unist-util-visit/-/unist-util-visit-1.4.1.tgz",
      "integrity": "sha512-AvGNk7Bb//EmJZyhtRUnNMEpId/AZ5Ph/KUpTI09WHQuDZHKovQ1oEv3mfmKpWKtoMzyMC4GLBm1Zy5k12fjIw==",
      "requires": {
        "unist-util-visit-parents": "^2.0.0"
      }
    },
    "unist-util-visit-parents": {
      "version": "2.1.0",
      "resolved": "https://registry.npmjs.org/unist-util-visit-parents/-/unist-util-visit-parents-2.1.0.tgz",
      "integrity": "sha512-j0XZY3063E6v7qhx4+Q2Z0r8SMrLX7Mr6DabiCy67zMEcFQYtpNOplLlEK1KKEBEs9S+xB5U+yloQxbSwF9P/g==",
      "requires": {
        "unist-util-is": "^2.1.2"
      }
    }
  }
}
